
Microsoft Visual Studio Solution File, Format Version 12.00
# Visual Studio Version 17
VisualStudioVersion = 17.9.34622.214
MinimumVisualStudioVersion = 10.0.40219.1
Project("{FAE04EC0-301F-11D3-BF4B-00C04F79EFBC}") = "ReboteqTask.API", "ReboteqTask.API\ReboteqTask.API.csproj", "{B1C1D1A8-6BCA-41A6-8703-3787B0BEBCD4}"
EndProject
Project("{FAE04EC0-301F-11D3-BF4B-00C04F79EFBC}") = "ReboteqTask.Infrastructure", "ReboteqTask.Infrastructure\ReboteqTask.Infrastructure.csproj", "{FBDA4970-6FC2-44B8-B8F8-9DE2CDBCC500}"
EndProject
Project("{FAE04EC0-301F-11D3-BF4B-00C04F79EFBC}") = "ReboteqTask.Services", "ReboteqTask.Services\ReboteqTask.Services.csproj", "{503F6FDE-4B17-48B3-A038-DD7399DE1476}"
EndProject
Project("{FAE04EC0-301F-11D3-BF4B-00C04F79EFBC}") = "ReboteqTask.Core", "ReboteqTask.Core\ReboteqTask.Core.csproj", "{7907881F-7611-42CF-8B49-54E5B5E1A210}"
EndProject
Project("{FAE04EC0-301F-11D3-BF4B-00C04F79EFBC}") = "ReboteqTask.Application", "ReboteqTask.Application\ReboteqTask.Application.csproj", "{EE8815B9-F623-4566-97AF-261C6A6ED341}"
EndProject
Global
	GlobalSection(SolutionConfigurationPlatforms) = preSolution
		Debug|Any CPU = Debug|Any CPU
		Release|Any CPU = Release|Any CPU
	EndGlobalSection
	GlobalSection(ProjectConfigurationPlatforms) = postSolution
		{B1C1D1A8-6BCA-41A6-8703-3787B0BEBCD4}.Debug|Any CPU.ActiveCfg = Debug|Any CPU
		{B1C1D1A8-6BCA-41A6-8703-3787B0BEBCD4}.Debug|Any CPU.Build.0 = Debug|Any CPU
		{B1C1D1A8-6BCA-41A6-8703-3787B0BEBCD4}.Release|Any CPU.ActiveCfg = Release|Any CPU
		{B1C1D1A8-6BCA-41A6-8703-3787B0BEBCD4}.Release|Any CPU.Build.0 = Release|Any CPU
		{FBDA4970-6FC2-44B8-B8F8-9DE2CDBCC500}.Debug|Any CPU.ActiveCfg = Debug|Any CPU
		{FBDA4970-6FC2-44B8-B8F8-9DE2CDBCC500}.Debug|Any CPU.Build.0 = Debug|Any CPU
		{FBDA4970-6FC2-44B8-B8F8-9DE2CDBCC500}.Release|Any CPU.ActiveCfg = Release|Any CPU
		{FBDA4970-6FC2-44B8-B8F8-9DE2CDBCC500}.Release|Any CPU.Build.0 = Release|Any CPU
		{503F6FDE-4B17-48B3-A038-DD7399DE1476}.Debug|Any CPU.ActiveCfg = Debug|Any CPU
		{503F6FDE-4B17-48B3-A038-DD7399DE1476}.Debug|Any CPU.Build.0 = Debug|Any CPU
		{503F6FDE-4B17-48B3-A038-DD7399DE1476}.Release|Any CPU.ActiveCfg = Release|Any CPU
		{503F6FDE-4B17-48B3-A038-DD7399DE1476}.Release|Any CPU.Build.0 = Release|Any CPU
		{7907881F-7611-42CF-8B49-54E5B5E1A210}.Debug|Any CPU.ActiveCfg = Debug|Any CPU
		{7907881F-7611-42CF-8B49-54E5B5E1A210}.Debug|Any CPU.Build.0 = Debug|Any CPU
		{7907881F-7611-42CF-8B49-54E5B5E1A210}.Release|Any CPU.ActiveCfg = Release|Any CPU
		{7907881F-7611-42CF-8B49-54E5B5E1A210}.Release|Any CPU.Build.0 = Release|Any CPU
		{EE8815B9-F623-4566-97AF-261C6A6ED341}.Debug|Any CPU.ActiveCfg = Debug|Any CPU
		{EE8815B9-F623-4566-97AF-261C6A6ED341}.Debug|Any CPU.Build.0 = Debug|Any CPU
		{EE8815B9-F623-4566-97AF-261C6A6ED341}.Release|Any CPU.ActiveCfg = Release|Any CPU
		{EE8815B9-F623-4566-97AF-261C6A6ED341}.Release|Any CPU.Build.0 = Release|Any CPU
	EndGlobalSection
	GlobalSection(SolutionProperties) = preSolution
		HideSolutionNode = FALSE
	EndGlobalSection
	GlobalSection(ExtensibilityGlobals) = postSolution
		SolutionGuid = {88ADC1BC-048A-4634-AA0B-529694AA3B26}
	EndGlobalSection
EndGlobal
